
Microsoft Visual Studio Solution File, Format Version 12.00
Project("{FAE04EC0-301F-11D3-BF4B-00C04F79EFBC}") = "OrleansBook.GrainInterfaces", "OrleansBook.GrainInterfaces\OrleansBook.GrainInterfaces.csproj", "{E0734DC5-A021-48F5-9292-BDD0EEA4DA36}"
EndProject
Project("{FAE04EC0-301F-11D3-BF4B-00C04F79EFBC}") = "GrainClasses", "GrainClasses\GrainClasses.csproj", "{CAD128BE-7BB8-4D86-89D1-5C36E159A5E3}"
EndProject
Project("{FAE04EC0-301F-11D3-BF4B-00C04F79EFBC}") = "OrleansBook.Host", "OrleansBook.Host\OrleansBook.Host.csproj", "{B0D19FC0-AC8D-4F25-A03D-2CBB93F8C5AD}"
EndProject
Project("{FAE04EC0-301F-11D3-BF4B-00C04F79EFBC}") = "OrleansBook.Client", "OrleansBook.Client\OrleansBook.Client.csproj", "{4622C9FE-999C-4D31-A8F8-92280764FBA6}"
EndProject
Global
	GlobalSection(SolutionConfigurationPlatforms) = preSolution
		Debug|Any CPU = Debug|Any CPU
		Release|Any CPU = Release|Any CPU
	EndGlobalSection
	GlobalSection(ProjectConfigurationPlatforms) = postSolution
		{E0734DC5-A021-48F5-9292-BDD0EEA4DA36}.Debug|Any CPU.ActiveCfg = Debug|Any CPU
		{E0734DC5-A021-48F5-9292-BDD0EEA4DA36}.Debug|Any CPU.Build.0 = Debug|Any CPU
		{E0734DC5-A021-48F5-9292-BDD0EEA4DA36}.Release|Any CPU.ActiveCfg = Release|Any CPU
		{E0734DC5-A021-48F5-9292-BDD0EEA4DA36}.Release|Any CPU.Build.0 = Release|Any CPU
		{CAD128BE-7BB8-4D86-89D1-5C36E159A5E3}.Debug|Any CPU.ActiveCfg = Debug|Any CPU
		{CAD128BE-7BB8-4D86-89D1-5C36E159A5E3}.Debug|Any CPU.Build.0 = Debug|Any CPU
		{CAD128BE-7BB8-4D86-89D1-5C36E159A5E3}.Release|Any CPU.ActiveCfg = Release|Any CPU
		{CAD128BE-7BB8-4D86-89D1-5C36E159A5E3}.Release|Any CPU.Build.0 = Release|Any CPU
		{B0D19FC0-AC8D-4F25-A03D-2CBB93F8C5AD}.Debug|Any CPU.ActiveCfg = Debug|Any CPU
		{B0D19FC0-AC8D-4F25-A03D-2CBB93F8C5AD}.Debug|Any CPU.Build.0 = Debug|Any CPU
		{B0D19FC0-AC8D-4F25-A03D-2CBB93F8C5AD}.Release|Any CPU.ActiveCfg = Release|Any CPU
		{B0D19FC0-AC8D-4F25-A03D-2CBB93F8C5AD}.Release|Any CPU.Build.0 = Release|Any CPU
		{4622C9FE-999C-4D31-A8F8-92280764FBA6}.Debug|Any CPU.ActiveCfg = Debug|Any CPU
		{4622C9FE-999C-4D31-A8F8-92280764FBA6}.Debug|Any CPU.Build.0 = Debug|Any CPU
		{4622C9FE-999C-4D31-A8F8-92280764FBA6}.Release|Any CPU.ActiveCfg = Release|Any CPU
		{4622C9FE-999C-4D31-A8F8-92280764FBA6}.Release|Any CPU.Build.0 = Release|Any CPU
	EndGlobalSection
EndGlobal
